
Microsoft Visual Studio Solution File, Format Version 12.00
# Visual Studio Version 16
VisualStudioVersion = 16.0.32126.315
MinimumVisualStudioVersion = 10.0.40219.1
Project("{FAE04EC0-301F-11D3-BF4B-00C04F79EFBC}") = "Project2", "Project2\Project2.csproj", "{96A34C24-9EF4-436B-A61D-3541A9C238FD}"
EndProject
Global
	GlobalSection(SolutionConfigurationPlatforms) = preSolution
		Debug|Any CPU = Debug|Any CPU
		Release|Any CPU = Release|Any CPU
	EndGlobalSection
	GlobalSection(ProjectConfigurationPlatforms) = postSolution
		{96A34C24-9EF4-436B-A61D-3541A9C238FD}.Debug|Any CPU.ActiveCfg = Debug|Any CPU
		{96A34C24-9EF4-436B-A61D-3541A9C238FD}.Debug|Any CPU.Build.0 = Debug|Any CPU
		{96A34C24-9EF4-436B-A61D-3541A9C238FD}.Release|Any CPU.ActiveCfg = Release|Any CPU
		{96A34C24-9EF4-436B-A61D-3541A9C238FD}.Release|Any CPU.Build.0 = Release|Any CPU
	EndGlobalSection
	GlobalSection(SolutionProperties) = preSolution
		HideSolutionNode = FALSE
	EndGlobalSection
	GlobalSection(ExtensibilityGlobals) = postSolution
		SolutionGuid = {F6CDCAA8-FB57-4A55-8771-2CFFB4B3392C}
	EndGlobalSection
EndGlobal
